{
  "lockfile-version": 1,
  "manifest": {
    "version": 1,
    "install": {
      "just": {
        "pkg-path": "just"
      },
      "kubeval": {
        "pkg-path": "kubeval"
      },
      "opentofu": {
        "pkg-path": "opentofu"
      },
      "python313": {
        "pkg-path": "python313"
      },
      "uv": {
        "pkg-path": "uv"
      }
    },
    "hook": {},
    "profile": {},
    "options": {}
  },
  "packages": [
    {
      "attr_path": "just",
      "broken": false,
      "derivation": "/nix/store/xa4ji0rg0r5richc3jmbi5285vd7x8nf-just-1.43.1.drv",
      "description": "Handy way to save and run project-specific commands",
      "install_id": "just",
      "license": "CC0-1.0",
      "locked_url": "https://github.com/flox/nixpkgs?rev=418468ac9527e799809c900eda37cbff999199b6",
      "name": "just-1.43.1",
      "pname": "just",
      "rev": "418468ac9527e799809c900eda37cbff999199b6",
      "rev_count": 905402,
      "rev_date": "2025-12-02T09:27:49Z",
      "scrape_date": "2025-12-04T02:53:55.966158Z",
      "stabilities": [
        "staging",
        "unstable"
      ],
      "unfree": false,
      "version": "1.43.1",
      "outputs_to_install": [
        "man",
        "out"
      ],
      "outputs": {
        "doc": "/nix/store/g2z02i3a2z17h9cmx04sp7zpzzgzkqh8-just-1.43.1-doc",
        "man": "/nix/store/y8ggbr7rq06mpqsdckpdsxzhjkspw63g-just-1.43.1-man",
        "out": "/nix/store/g6cidwix7lzzb0i5lpisvb7gx051qsc1-just-1.43.1"
      },
      "system": "aarch64-darwin",
      "group": "toplevel",
      "priority": 5
    },
    {
      "attr_path": "just",
      "broken": false,
      "derivation": "/nix/store/k4j49c343j0zasiamm81ylpkvihbyc4y-just-1.43.1.drv",
      "description": "Handy way to save and run project-specific commands",
      "install_id": "just",
      "license": "CC0-1.0",
      "locked_url": "https://github.com/flox/nixpkgs?rev=418468ac9527e799809c900eda37cbff999199b6",
      "name": "just-1.43.1",
      "pname": "just",
      "rev": "418468ac9527e799809c900eda37cbff999199b6",
      "rev_count": 905402,
      "rev_date": "2025-12-02T09:27:49Z",
      "scrape_date": "2025-12-04T03:02:40.403894Z",
      "stabilities": [
        "staging",
        "unstable"
      ],
      "unfree": false,
      "version": "1.43.1",
      "outputs_to_install": [
        "man",
        "out"
      ],
      "outputs": {
        "doc": "/nix/store/99qn6axss3rk7c681rkhj9zza0ax2i74-just-1.43.1-doc",
        "man": "/nix/store/59aflmjxv0qbkaqzmjni4yydg873dl5v-just-1.43.1-man",
        "out": "/nix/store/ni4jn8rsn0h49lng7hdq6584zc4gpy9l-just-1.43.1"
      },
      "system": "aarch64-linux",
      "group": "toplevel",
      "priority": 5
    },
    {
      "attr_path": "just",
      "broken": false,
      "derivation": "/nix/store/66w205j74zfnp4fmwi7rggs8hg1kxrlh-just-1.43.1.drv",
      "description": "Handy way to save and run project-specific commands",
      "install_id": "just",
      "license": "CC0-1.0",
      "locked_url": "https://github.com/flox/nixpkgs?rev=418468ac9527e799809c900eda37cbff999199b6",
      "name": "just-1.43.1",
      "pname": "just",
      "rev": "418468ac9527e799809c900eda37cbff999199b6",
      "rev_count": 905402,
      "rev_date": "2025-12-02T09:27:49Z",
      "scrape_date": "2025-12-04T03:11:58.320457Z",
      "stabilities": [
        "staging",
        "unstable"
      ],
      "unfree": false,
      "version": "1.43.1",
      "outputs_to_install": [
        "man",
        "out"
      ],
      "outputs": {
        "doc": "/nix/store/kqx5lgjwpaipi7whnydwkl72alwvn5jz-just-1.43.1-doc",
        "man": "/nix/store/j67aa2bj6ssz61x4bh0ga0z1qzzv3prp-just-1.43.1-man",
        "out": "/nix/store/aa9459rdk1lzj2yd27csaasn9hb98ckr-just-1.43.1"
      },
      "system": "x86_64-darwin",
      "group": "toplevel",
      "priority": 5
    },
    {
      "attr_path": "just",
      "broken": false,
      "derivation": "/nix/store/7qy22sjsyx9jnh44lqvn2a0a2l62dbkr-just-1.43.1.drv",
      "description": "Handy way to save and run project-specific commands",
      "install_id": "just",
      "license": "CC0-1.0",
      "locked_url": "https://github.com/flox/nixpkgs?rev=418468ac9527e799809c900eda37cbff999199b6",
      "name": "just-1.43.1",
      "pname": "just",
      "rev": "418468ac9527e799809c900eda37cbff999199b6",
      "rev_count": 905402,
      "rev_date": "2025-12-02T09:27:49Z",
      "scrape_date": "2025-12-04T03:20:28.788468Z",
      "stabilities": [
        "staging",
        "unstable"
      ],
      "unfree": false,
      "version": "1.43.1",
      "outputs_to_install": [
        "man",
        "out"
      ],
      "outputs": {
        "doc": "/nix/store/idyx9h5gmcnzzqbjb50nwf30i4g1050v-just-1.43.1-doc",
        "man": "/nix/store/ib17hahpg1vpgh1ll0r7nb6rkmilpiil-just-1.43.1-man",
        "out": "/nix/store/kkmg0vkp9y4jp9yqgzrml0fgac9lfcyq-just-1.43.1"
      },
      "system": "x86_64-linux",
      "group": "toplevel",
      "priority": 5
    },
    {
      "attr_path": "kubeval",
      "broken": false,
      "derivation": "/nix/store/8qggk6ny1dbjsjfih9nl9jxrhhb5yvy1-kubeval-0.16.1.drv",
      "description": "Validate your Kubernetes configuration files",
      "install_id": "kubeval",
      "license": "Apache-2.0",
      "locked_url": "https://github.com/flox/nixpkgs?rev=418468ac9527e799809c900eda37cbff999199b6",
      "name": "kubeval-0.16.1",
      "pname": "kubeval",
      "rev": "418468ac9527e799809c900eda37cbff999199b6",
      "rev_count": 905402,
      "rev_date": "2025-12-02T09:27:49Z",
      "scrape_date": "2025-12-04T02:53:56.600986Z",
      "stabilities": [
        "staging",
        "unstable"
      ],
      "unfree": false,
      "version": "0.16.1",
      "outputs_to_install": [
        "out"
      ],
      "outputs": {
        "out": "/nix/store/gahixv6ix1rvlrqf0cyqpa9ycm6r7bk7-kubeval-0.16.1"
      },
      "system": "aarch64-darwin",
      "group": "toplevel",
      "priority": 5
    },
    {
      "attr_path": "kubeval",
      "broken": false,
      "derivation": "/nix/store/inw9s02njdlfr69w21s54l6qxq71575b-kubeval-0.16.1.drv",
      "description": "Validate your Kubernetes configuration files",
      "install_id": "kubeval",
      "license": "Apache-2.0",
      "locked_url": "https://github.com/flox/nixpkgs?rev=418468ac9527e799809c900eda37cbff999199b6",
      "name": "kubeval-0.16.1",
      "pname": "kubeval",
      "rev": "418468ac9527e799809c900eda37cbff999199b6",
      "rev_count": 905402,
      "rev_date": "2025-12-02T09:27:49Z",
      "scrape_date": "2025-12-04T03:02:42.039010Z",
      "stabilities": [
        "staging",
        "unstable"
      ],
      "unfree": false,
      "version": "0.16.1",
      "outputs_to_install": [
        "out"
      ],
      "outputs": {
        "out": "/nix/store/kz84zamg9dikcw32z76qcrrci687nq1d-kubeval-0.16.1"
      },
      "system": "aarch64-linux",
      "group": "toplevel",
      "priority": 5
    },
    {
      "attr_path": "kubeval",
      "broken": false,
      "derivation": "/nix/store/6myawn990k26qx79hk0kjmfhcg56ljzc-kubeval-0.16.1.drv",
      "description": "Validate your Kubernetes configuration files",
      "install_id": "kubeval",
      "license": "Apache-2.0",
      "locked_url": "https://github.com/flox/nixpkgs?rev=418468ac9527e799809c900eda37cbff999199b6",
      "name": "kubeval-0.16.1",
      "pname": "kubeval",
      "rev": "418468ac9527e799809c900eda37cbff999199b6",
      "rev_count": 905402,
      "rev_date": "2025-12-02T09:27:49Z",
      "scrape_date": "2025-12-04T03:11:58.933773Z",
      "stabilities": [
        "staging",
        "unstable"
      ],
      "unfree": false,
      "version": "0.16.1",
      "outputs_to_install": [
        "out"
      ],
      "outputs": {
        "out": "/nix/store/9817j1h5r63q3gp6jzsgnpqkvl1hijw3-kubeval-0.16.1"
      },
      "system": "x86_64-darwin",
      "group": "toplevel",
      "priority": 5
    },
    {
      "attr_path": "kubeval",
      "broken": false,
      "derivation": "/nix/store/czkp1c8pwmb5299bhfazzfb18dnc4fz0-kubeval-0.16.1.drv",
      "description": "Validate your Kubernetes configuration files",
      "install_id": "kubeval",
      "license": "Apache-2.0",
      "locked_url": "https://github.com/flox/nixpkgs?rev=418468ac9527e799809c900eda37cbff999199b6",
      "name": "kubeval-0.16.1",
      "pname": "kubeval",
      "rev": "418468ac9527e799809c900eda37cbff999199b6",
      "rev_count": 905402,
      "rev_date": "2025-12-02T09:27:49Z",
      "scrape_date": "2025-12-04T03:20:30.416806Z",
      "stabilities": [
        "staging",
        "unstable"
      ],
      "unfree": false,
      "version": "0.16.1",
      "outputs_to_install": [
        "out"
      ],
      "outputs": {
        "out": "/nix/store/45l3qxpskm3bzagi1mr5yj9k4yc2bmfr-kubeval-0.16.1"
      },
      "system": "x86_64-linux",
      "group": "toplevel",
      "priority": 5
    },
    {
      "attr_path": "opentofu",
      "broken": false,
      "derivation": "/nix/store/zpvj88sjnyjr6w5pjwmvi3qwl3c07qbb-opentofu-1.10.7.drv",
      "description": "Tool for building, changing, and versioning infrastructure",
      "install_id": "opentofu",
      "license": "MPL-2.0",
      "locked_url": "https://github.com/flox/nixpkgs?rev=418468ac9527e799809c900eda37cbff999199b6",
      "name": "opentofu-1.10.7",
      "pname": "opentofu",
      "rev": "418468ac9527e799809c900eda37cbff999199b6",
      "rev_count": 905402,
      "rev_date": "2025-12-02T09:27:49Z",
      "scrape_date": "2025-12-04T02:54:06.444808Z",
      "stabilities": [
        "staging",
        "unstable"
      ],
      "unfree": false,
      "version": "1.10.7",
      "outputs_to_install": [
        "out"
      ],
      "outputs": {
        "out": "/nix/store/anl85lrff3b6kjbh8ndyw9caydc2yk8y-opentofu-1.10.7"
      },
      "system": "aarch64-darwin",
      "group": "toplevel",
      "priority": 5
    },
    {
      "attr_path": "opentofu",
      "broken": false,
      "derivation": "/nix/store/3g6gzqk1jqlm2yz9qkg6gn7zlcawvsnf-opentofu-1.10.7.drv",
      "description": "Tool for building, changing, and versioning infrastructure",
      "install_id": "opentofu",
      "license": "MPL-2.0",
      "locked_url": "https://github.com/flox/nixpkgs?rev=418468ac9527e799809c900eda37cbff999199b6",
      "name": "opentofu-1.10.7",
      "pname": "opentofu",
      "rev": "418468ac9527e799809c900eda37cbff999199b6",
      "rev_count": 905402,
      "rev_date": "2025-12-02T09:27:49Z",
      "scrape_date": "2025-12-04T03:03:01.208603Z",
      "stabilities": [
        "staging",
        "unstable"
      ],
      "unfree": false,
      "version": "1.10.7",
      "outputs_to_install": [
        "out"
      ],
      "outputs": {
        "out": "/nix/store/ni8kk95p8xykgq8h07jpq4yk9bqh5cfc-opentofu-1.10.7"
      },
      "system": "aarch64-linux",
      "group": "toplevel",
      "priority": 5
    },
    {
      "attr_path": "opentofu",
      "broken": false,
      "derivation": "/nix/store/s2iksqchg1v0py9rq3vq7zyy8kd34s6z-opentofu-1.10.7.drv",
      "description": "Tool for building, changing, and versioning infrastructure",
      "install_id": "opentofu",
      "license": "MPL-2.0",
      "locked_url": "https://github.com/flox/nixpkgs?rev=418468ac9527e799809c900eda37cbff999199b6",
      "name": "opentofu-1.10.7",
      "pname": "opentofu",
      "rev": "418468ac9527e799809c900eda37cbff999199b6",
      "rev_count": 905402,
      "rev_date": "2025-12-02T09:27:49Z",
      "scrape_date": "2025-12-04T03:12:08.045173Z",
      "stabilities": [
        "staging",
        "unstable"
      ],
      "unfree": false,
      "version": "1.10.7",
      "outputs_to_install": [
        "out"
      ],
      "outputs": {
        "out": "/nix/store/vs78imrjsk8dkwgd9jmpwaq0ir182q2h-opentofu-1.10.7"
      },
      "system": "x86_64-darwin",
      "group": "toplevel",
      "priority": 5
    },
    {
      "attr_path": "opentofu",
      "broken": false,
      "derivation": "/nix/store/4dcmfr6x0x6qipf60pvps7n795ra9vmy-opentofu-1.10.7.drv",
      "description": "Tool for building, changing, and versioning infrastructure",
      "install_id": "opentofu",
      "license": "MPL-2.0",
      "locked_url": "https://github.com/flox/nixpkgs?rev=418468ac9527e799809c900eda37cbff999199b6",
      "name": "opentofu-1.10.7",
      "pname": "opentofu",
      "rev": "418468ac9527e799809c900eda37cbff999199b6",
      "rev_count": 905402,
      "rev_date": "2025-12-02T09:27:49Z",
      "scrape_date": "2025-12-04T03:20:50.330254Z",
      "stabilities": [
        "staging",
        "unstable"
      ],
      "unfree": false,
      "version": "1.10.7",
      "outputs_to_install": [
        "out"
      ],
      "outputs": {
        "out": "/nix/store/yci06ygjgvfd0s9zj4wwjik1pi41avxx-opentofu-1.10.7"
      },
      "system": "x86_64-linux",
      "group": "toplevel",
      "priority": 5
    },
    {
      "attr_path": "python313",
      "broken": false,
      "derivation": "/nix/store/6njqakbkci2h765gyj0q9rcmkfy38hya-python3-3.13.9.drv",
      "description": "High-level dynamically-typed programming language",
      "install_id": "python313",
      "license": "Python-2.0",
      "locked_url": "https://github.com/flox/nixpkgs?rev=418468ac9527e799809c900eda37cbff999199b6",
      "name": "python3-3.13.9",
      "pname": "python313",
      "rev": "418468ac9527e799809c900eda37cbff999199b6",
      "rev_count": 905402,
      "rev_date": "2025-12-02T09:27:49Z",
      "scrape_date": "2025-12-04T02:54:39.653515Z",
      "stabilities": [
        "staging",
        "unstable"
      ],
      "unfree": false,
      "version": "python3-3.13.9",
      "outputs_to_install": [
        "out"
      ],
      "outputs": {
        "out": "/nix/store/xcjk9ill54kjk8mzgq6yydnx9015lidg-python3-3.13.9"
      },
      "system": "aarch64-darwin",
      "group": "toplevel",
      "priority": 5
    },
    {
      "attr_path": "python313",
      "broken": false,
      "derivation": "/nix/store/rvai2n2kh5hp0npd4vzkx5hnydjzz5q0-python3-3.13.9.drv",
      "description": "High-level dynamically-typed programming language",
      "install_id": "python313",
      "license": "Python-2.0",
      "locked_url": "https://github.com/flox/nixpkgs?rev=418468ac9527e799809c900eda37cbff999199b6",
      "name": "python3-3.13.9",
      "pname": "python313",
      "rev": "418468ac9527e799809c900eda37cbff999199b6",
      "rev_count": 905402,
      "rev_date": "2025-12-02T09:27:49Z",
      "scrape_date": "2025-12-04T03:03:45.310948Z",
      "stabilities": [
        "staging",
        "unstable"
      ],
      "unfree": false,
      "version": "python3-3.13.9",
      "outputs_to_install": [
        "out"
      ],
      "outputs": {
        "debug": "/nix/store/zls66rgq3hk2i6xxf8cb8nx24b906jz2-python3-3.13.9-debug",
        "out": "/nix/store/zc0vzc0vp0amc9iqm3cd542bmim6vh09-python3-3.13.9"
      },
      "system": "aarch64-linux",
      "group": "toplevel",
      "priority": 5
    },
    {
      "attr_path": "python313",
      "broken": false,
      "derivation": "/nix/store/279kknx42xxmlgwc4fg87270f5qj87c1-python3-3.13.9.drv",
      "description": "High-level dynamically-typed programming language",
      "install_id": "python313",
      "license": "Python-2.0",
      "locked_url": "https://github.com/flox/nixpkgs?rev=418468ac9527e799809c900eda37cbff999199b6",
      "name": "python3-3.13.9",
      "pname": "python313",
      "rev": "418468ac9527e799809c900eda37cbff999199b6",
      "rev_count": 905402,
      "rev_date": "2025-12-02T09:27:49Z",
      "scrape_date": "2025-12-04T03:12:39.070288Z",
      "stabilities": [
        "staging",
        "unstable"
      ],
      "unfree": false,
      "version": "python3-3.13.9",
      "outputs_to_install": [
        "out"
      ],
      "outputs": {
        "out": "/nix/store/84s01mzl74vh69aphpl3rf07pp49pkz0-python3-3.13.9"
      },
      "system": "x86_64-darwin",
      "group": "toplevel",
      "priority": 5
    },
    {
      "attr_path": "python313",
      "broken": false,
      "derivation": "/nix/store/81f6r9031fpmpv61kf8cq4p8b11xj2ks-python3-3.13.9.drv",
      "description": "High-level dynamically-typed programming language",
      "install_id": "python313",
      "license": "Python-2.0",
      "locked_url": "https://github.com/flox/nixpkgs?rev=418468ac9527e799809c900eda37cbff999199b6",
      "name": "python3-3.13.9",
      "pname": "python313",
      "rev": "418468ac9527e799809c900eda37cbff999199b6",
      "rev_count": 905402,
      "rev_date": "2025-12-02T09:27:49Z",
      "scrape_date": "2025-12-04T03:21:34.171279Z",
      "stabilities": [
        "staging",
        "unstable"
      ],
      "unfree": false,
      "version": "python3-3.13.9",
      "outputs_to_install": [
        "out"
      ],
      "outputs": {
        "debug": "/nix/store/7x8mp12az19wzadrdhjvrp731m9m3lpb-python3-3.13.9-debug",
        "out": "/nix/store/3lll9y925zz9393sa59h653xik66srjb-python3-3.13.9"
      },
      "system": "x86_64-linux",
      "group": "toplevel",
      "priority": 5
    },
    {
      "attr_path": "uv",
      "broken": false,
      "derivation": "/nix/store/5xdn711qjgkkady64ywrxq6mhbi9nz9h-uv-0.9.14.drv",
      "description": "Extremely fast Python package installer and resolver, written in Rust",
      "install_id": "uv",
      "license": "[ Apache-2.0, MIT ]",
      "locked_url": "https://github.com/flox/nixpkgs?rev=418468ac9527e799809c900eda37cbff999199b6",
      "name": "uv-0.9.14",
      "pname": "uv",
      "rev": "418468ac9527e799809c900eda37cbff999199b6",
      "rev_count": 905402,
      "rev_date": "2025-12-02T09:27:49Z",
      "scrape_date": "2025-12-04T02:56:01.692648Z",
      "stabilities": [
        "staging",
        "unstable"
      ],
      "unfree": false,
      "version": "0.9.14",
      "outputs_to_install": [
        "out"
      ],
      "outputs": {
        "out": "/nix/store/zbg4ksfcdcmqbw8x0f0xlla16g2lhxgy-uv-0.9.14"
      },
      "system": "aarch64-darwin",
      "group": "toplevel",
      "priority": 5
    },
    {
      "attr_path": "uv",
      "broken": false,
      "derivation": "/nix/store/8z6dv3xfq2mc9hw87w37sw2hs1jlchyg-uv-0.9.14.drv",
      "description": "Extremely fast Python package installer and resolver, written in Rust",
      "install_id": "uv",
      "license": "[ Apache-2.0, MIT ]",
      "locked_url": "https://github.com/flox/nixpkgs?rev=418468ac9527e799809c900eda37cbff999199b6",
      "name": "uv-0.9.14",
      "pname": "uv",
      "rev": "418468ac9527e799809c900eda37cbff999199b6",
      "rev_count": 905402,
      "rev_date": "2025-12-02T09:27:49Z",
      "scrape_date": "2025-12-04T03:05:28.971221Z",
      "stabilities": [
        "staging",
        "unstable"
      ],
      "unfree": false,
      "version": "0.9.14",
      "outputs_to_install": [
        "out"
      ],
      "outputs": {
        "out": "/nix/store/2k74mawzpjihb1jpyxlmbhaz7wflbhyb-uv-0.9.14"
      },
      "system": "aarch64-linux",
      "group": "toplevel",
      "priority": 5
    },
    {
      "attr_path": "uv",
      "broken": false,
      "derivation": "/nix/store/v9j7x0id9jkqg88fydksrddjy2pxcgib-uv-0.9.14.drv",
      "description": "Extremely fast Python package installer and resolver, written in Rust",
      "install_id": "uv",
      "license": "[ Apache-2.0, MIT ]",
      "locked_url": "https://github.com/flox/nixpkgs?rev=418468ac9527e799809c900eda37cbff999199b6",
      "name": "uv-0.9.14",
      "pname": "uv",
      "rev": "418468ac9527e799809c900eda37cbff999199b6",
      "rev_count": 905402,
      "rev_date": "2025-12-02T09:27:49Z",
      "scrape_date": "2025-12-04T03:13:57.183996Z",
      "stabilities": [
        "staging",
        "unstable"
      ],
      "unfree": false,
      "version": "0.9.14",
      "outputs_to_install": [
        "out"
      ],
      "outputs": {
        "out": "/nix/store/msq3vg45z01w0bl7q0k57yyczjh10hv8-uv-0.9.14"
      },
      "system": "x86_64-darwin",
      "group": "toplevel",
      "priority": 5
    },
    {
      "attr_path": "uv",
      "broken": false,
      "derivation": "/nix/store/16j8ajlaksqd7pv1pnp12v22bb79wsl8-uv-0.9.14.drv",
      "description": "Extremely fast Python package installer and resolver, written in Rust",
      "install_id": "uv",
      "license": "[ Apache-2.0, MIT ]",
      "locked_url": "https://github.com/flox/nixpkgs?rev=418468ac9527e799809c900eda37cbff999199b6",
      "name": "uv-0.9.14",
      "pname": "uv",
      "rev": "418468ac9527e799809c900eda37cbff999199b6",
      "rev_count": 905402,
      "rev_date": "2025-12-02T09:27:49Z",
      "scrape_date": "2025-12-04T03:23:20.097970Z",
      "stabilities": [
        "staging",
        "unstable"
      ],
      "unfree": false,
      "version": "0.9.14",
      "outputs_to_install": [
        "out"
      ],
      "outputs": {
        "out": "/nix/store/483pf97g9l0l3rh0988ghffcppm4001a-uv-0.9.14"
      },
      "system": "x86_64-linux",
      "group": "toplevel",
      "priority": 5
    }
  ]
}
